
Microsoft Visual Studio Solution File, Format Version 12.00
# Visual Studio Version 17
VisualStudioVersion = 17.14.36408.4 d17.14
MinimumVisualStudioVersion = 10.0.40219.1
Project("{FAE04EC0-301F-11D3-BF4B-00C04F79EFBC}") = "MassageRoom", "MassageRoom.csproj", "{F58956FF-D073-4E15-B76C-0DDF07E6D379}"
EndProject
Global
	GlobalSection(SolutionConfigurationPlatforms) = preSolution
		Debug|Any CPU = Debug|Any CPU
		Release|Any CPU = Release|Any CPU
	EndGlobalSection
	GlobalSection(ProjectConfigurationPlatforms) = postSolution
		{F58956FF-D073-4E15-B76C-0DDF07E6D379}.Debug|Any CPU.ActiveCfg = Debug|Any CPU
		{F58956FF-D073-4E15-B76C-0DDF07E6D379}.Debug|Any CPU.Build.0 = Debug|Any CPU
		{F58956FF-D073-4E15-B76C-0DDF07E6D379}.Release|Any CPU.ActiveCfg = Release|Any CPU
		{F58956FF-D073-4E15-B76C-0DDF07E6D379}.Release|Any CPU.Build.0 = Release|Any CPU
	EndGlobalSection
	GlobalSection(SolutionProperties) = preSolution
		HideSolutionNode = FALSE
	EndGlobalSection
	GlobalSection(ExtensibilityGlobals) = postSolution
		SolutionGuid = {845AD205-3BC6-43B9-8FBB-A9183473FFD5}
	EndGlobalSection
EndGlobal
